// !$*UTF8*$!
{
	archiveVersion = 1;
	classes = {
	};
	objectVersion = 46;
	objects = {

/* Begin PBXBuildFile section */
		460D042C1E9AC5DC004BA3D9 /* GoogleService-Info.plist in Resources */ = {isa = PBXBuildFile; fileRef = 460D042B1E9AC5DC004BA3D9 /* GoogleService-Info.plist */; };
		4612125F1E93462300F7D6D7 /* FoodItemCell.swift in Sources */ = {isa = PBXBuildFile; fileRef = 4612125E1E93462300F7D6D7 /* FoodItemCell.swift */; };
		461212611E94162000F7D6D7 /* FavoritesViewController.swift in Sources */ = {isa = PBXBuildFile; fileRef = 461212601E94162000F7D6D7 /* FavoritesViewController.swift */; };
		461212631E941C1300F7D6D7 /* FavoriteFoodCell.swift in Sources */ = {isa = PBXBuildFile; fileRef = 461212621E941C1300F7D6D7 /* FavoriteFoodCell.swift */; };
		461212651E94243000F7D6D7 /* FavoriteFoodViewController.swift in Sources */ = {isa = PBXBuildFile; fileRef = 461212641E94243000F7D6D7 /* FavoriteFoodViewController.swift */; };
		466A42921E944828008DD3AF /* FoodItemViewController.swift in Sources */ = {isa = PBXBuildFile; fileRef = 466A42911E944828008DD3AF /* FoodItemViewController.swift */; };
		466A42941E944BF3008DD3AF /* DetailCell.swift in Sources */ = {isa = PBXBuildFile; fileRef = 466A42931E944BF3008DD3AF /* DetailCell.swift */; };
		466A42961E944C6E008DD3AF /* FoodDetail.swift in Sources */ = {isa = PBXBuildFile; fileRef = 466A42951E944C6E008DD3AF /* FoodDetail.swift */; };
		466A42991E96E925008DD3AF /* hemi head bd it.ttf in Resources */ = {isa = PBXBuildFile; fileRef = 466A42981E96E90D008DD3AF /* hemi head bd it.ttf */; };
		46730CA41E8B1BF5009C5426 /* AppDelegate.swift in Sources */ = {isa = PBXBuildFile; fileRef = 46730CA31E8B1BF5009C5426 /* AppDelegate.swift */; };
		46730CA91E8B1BF5009C5426 /* Main.storyboard in Resources */ = {isa = PBXBuildFile; fileRef = 46730CA71E8B1BF5009C5426 /* Main.storyboard */; };
		46730CAB1E8B1BF5009C5426 /* Assets.xcassets in Resources */ = {isa = PBXBuildFile; fileRef = 46730CAA1E8B1BF5009C5426 /* Assets.xcassets */; };
		46730CAE1E8B1BF5009C5426 /* LaunchScreen.storyboard in Resources */ = {isa = PBXBuildFile; fileRef = 46730CAC1E8B1BF5009C5426 /* LaunchScreen.storyboard */; };
		46730CB91E8B1BF6009C5426 /* PurdueLifeTests.swift in Sources */ = {isa = PBXBuildFile; fileRef = 46730CB81E8B1BF6009C5426 /* PurdueLifeTests.swift */; };
		46730CC41E8B1BF6009C5426 /* PurdueLifeUITests.swift in Sources */ = {isa = PBXBuildFile; fileRef = 46730CC31E8B1BF6009C5426 /* PurdueLifeUITests.swift */; };
		46730CD21E8B1D29009C5426 /* LoginViewController.swift in Sources */ = {isa = PBXBuildFile; fileRef = 46730CD11E8B1D29009C5426 /* LoginViewController.swift */; };
		46730CD51E8B1F4A009C5426 /* HomeViewController.swift in Sources */ = {isa = PBXBuildFile; fileRef = 46730CD41E8B1F4A009C5426 /* HomeViewController.swift */; };
		46730CD71E8B1F67009C5426 /* MenusViewController.swift in Sources */ = {isa = PBXBuildFile; fileRef = 46730CD61E8B1F67009C5426 /* MenusViewController.swift */; };
		46730CDB1E8B1F95009C5426 /* SettingsViewController.swift in Sources */ = {isa = PBXBuildFile; fileRef = 46730CDA1E8B1F95009C5426 /* SettingsViewController.swift */; };
		46730CDD1E8B2014009C5426 /* DiningCourtViewController.swift in Sources */ = {isa = PBXBuildFile; fileRef = 46730CDC1E8B2014009C5426 /* DiningCourtViewController.swift */; };
		46730CE31E8B248A009C5426 /* FoodItem.swift in Sources */ = {isa = PBXBuildFile; fileRef = 46730CE21E8B248A009C5426 /* FoodItem.swift */; };
		46730CE61E8B24BF009C5426 /* APIClient.swift in Sources */ = {isa = PBXBuildFile; fileRef = 46730CE51E8B24BF009C5426 /* APIClient.swift */; };
		7CE5AFEF67DDBB359593D1EC /* Pods_PurdueLifeUITests.framework in Frameworks */ = {isa = PBXBuildFile; fileRef = 0FD2EA72A6DD1E3CC3644A8F /* Pods_PurdueLifeUITests.framework */; };
		AF7EFAE37A14ADD68C06A144 /* Pods_PurdueLife.framework in Frameworks */ = {isa = PBXBuildFile; fileRef = DD3E4C40BA2C4E51791BCEB1 /* Pods_PurdueLife.framework */; };
		F715CADA915488076D656F54 /* Pods_PurdueLifeTests.framework in Frameworks */ = {isa = PBXBuildFile; fileRef = A6A4FE14B77EF64246B5B57A /* Pods_PurdueLifeTests.framework */; };
/* End PBXBuildFile section */

/* Begin PBXContainerItemProxy section */
		46730CB51E8B1BF6009C5426 /* PBXContainerItemProxy */ = {
			isa = PBXContainerItemProxy;
			containerPortal = 46730C981E8B1BF5009C5426 /* Project object */;
			proxyType = 1;
			remoteGlobalIDString = 46730C9F1E8B1BF5009C5426;
			remoteInfo = PurdueLife;
		};
		46730CC01E8B1BF6009C5426 /* PBXContainerItemProxy */ = {
			isa = PBXContainerItemProxy;
			containerPortal = 46730C981E8B1BF5009C5426 /* Project object */;
			proxyType = 1;
			remoteGlobalIDString = 46730C9F1E8B1BF5009C5426;
			remoteInfo = PurdueLife;
		};
/* End PBXContainerItemProxy section */

/* Begin PBXFileReference section */
		0E4E7EDECB5DB98584E48B46 /* Pods-PurdueLife.debug.xcconfig */ = {isa = PBXFileReference; includeInIndex = 1; lastKnownFileType = text.xcconfig; name = "Pods-PurdueLife.debug.xcconfig"; path = "Pods/Target Support Files/Pods-PurdueLife/Pods-PurdueLife.debug.xcconfig"; sourceTree = "<group>"; };
		0FD2EA72A6DD1E3CC3644A8F /* Pods_PurdueLifeUITests.framework */ = {isa = PBXFileReference; explicitFileType = wrapper.framework; includeInIndex = 0; path = Pods_PurdueLifeUITests.framework; sourceTree = BUILT_PRODUCTS_DIR; };
		2254BD822CA56DE3F314472F /* Pods-PurdueLifeUITests.release.xcconfig */ = {isa = PBXFileReference; includeInIndex = 1; lastKnownFileType = text.xcconfig; name = "Pods-PurdueLifeUITests.release.xcconfig"; path = "Pods/Target Support Files/Pods-PurdueLifeUITests/Pods-PurdueLifeUITests.release.xcconfig"; sourceTree = "<group>"; };
		302C5E79E81EF4EEE9474AF7 /* Pods-PurdueLifeTests.debug.xcconfig */ = {isa = PBXFileReference; includeInIndex = 1; lastKnownFileType = text.xcconfig; name = "Pods-PurdueLifeTests.debug.xcconfig"; path = "Pods/Target Support Files/Pods-PurdueLifeTests/Pods-PurdueLifeTests.debug.xcconfig"; sourceTree = "<group>"; };
		460D042B1E9AC5DC004BA3D9 /* GoogleService-Info.plist */ = {isa = PBXFileReference; fileEncoding = 4; lastKnownFileType = text.plist.xml; path = "GoogleService-Info.plist"; sourceTree = "<group>"; };
		4612125E1E93462300F7D6D7 /* FoodItemCell.swift */ = {isa = PBXFileReference; fileEncoding = 4; lastKnownFileType = sourcecode.swift; path = FoodItemCell.swift; sourceTree = "<group>"; };
		461212601E94162000F7D6D7 /* FavoritesViewController.swift */ = {isa = PBXFileReference; fileEncoding = 4; lastKnownFileType = sourcecode.swift; path = FavoritesViewController.swift; sourceTree = "<group>"; };
		461212621E941C1300F7D6D7 /* FavoriteFoodCell.swift */ = {isa = PBXFileReference; fileEncoding = 4; lastKnownFileType = sourcecode.swift; path = FavoriteFoodCell.swift; sourceTree = "<group>"; };
		461212641E94243000F7D6D7 /* FavoriteFoodViewController.swift */ = {isa = PBXFileReference; fileEncoding = 4; lastKnownFileType = sourcecode.swift; path = FavoriteFoodViewController.swift; sourceTree = "<group>"; };
		466A42911E944828008DD3AF /* FoodItemViewController.swift */ = {isa = PBXFileReference; fileEncoding = 4; lastKnownFileType = sourcecode.swift; path = FoodItemViewController.swift; sourceTree = "<group>"; };
		466A42931E944BF3008DD3AF /* DetailCell.swift */ = {isa = PBXFileReference; fileEncoding = 4; lastKnownFileType = sourcecode.swift; path = DetailCell.swift; sourceTree = "<group>"; };
		466A42951E944C6E008DD3AF /* FoodDetail.swift */ = {isa = PBXFileReference; fileEncoding = 4; lastKnownFileType = sourcecode.swift; path = FoodDetail.swift; sourceTree = "<group>"; };
		466A42981E96E90D008DD3AF /* hemi head bd it.ttf */ = {isa = PBXFileReference; lastKnownFileType = file; path = "hemi head bd it.ttf"; sourceTree = "<group>"; };
		46730CA01E8B1BF5009C5426 /* PurdueLife.app */ = {isa = PBXFileReference; explicitFileType = wrapper.application; includeInIndex = 0; path = PurdueLife.app; sourceTree = BUILT_PRODUCTS_DIR; };
		46730CA31E8B1BF5009C5426 /* AppDelegate.swift */ = {isa = PBXFileReference; lastKnownFileType = sourcecode.swift; path = AppDelegate.swift; sourceTree = "<group>"; };
		46730CA81E8B1BF5009C5426 /* Base */ = {isa = PBXFileReference; lastKnownFileType = file.storyboard; name = Base; path = Base.lproj/Main.storyboard; sourceTree = "<group>"; };
		46730CAA1E8B1BF5009C5426 /* Assets.xcassets */ = {isa = PBXFileReference; lastKnownFileType = folder.assetcatalog; path = Assets.xcassets; sourceTree = "<group>"; };
		46730CAD1E8B1BF5009C5426 /* Base */ = {isa = PBXFileReference; lastKnownFileType = file.storyboard; name = Base; path = Base.lproj/LaunchScreen.storyboard; sourceTree = "<group>"; };
		46730CAF1E8B1BF5009C5426 /* Info.plist */ = {isa = PBXFileReference; lastKnownFileType = text.plist.xml; path = Info.plist; sourceTree = "<group>"; };
		46730CB41E8B1BF6009C5426 /* PurdueLifeTests.xctest */ = {isa = PBXFileReference; explicitFileType = wrapper.cfbundle; includeInIndex = 0; path = PurdueLifeTests.xctest; sourceTree = BUILT_PRODUCTS_DIR; };
		46730CB81E8B1BF6009C5426 /* PurdueLifeTests.swift */ = {isa = PBXFileReference; lastKnownFileType = sourcecode.swift; path = PurdueLifeTests.swift; sourceTree = "<group>"; };
		46730CBA1E8B1BF6009C5426 /* Info.plist */ = {isa = PBXFileReference; lastKnownFileType = text.plist.xml; path = Info.plist; sourceTree = "<group>"; };
		46730CBF1E8B1BF6009C5426 /* PurdueLifeUITests.xctest */ = {isa = PBXFileReference; explicitFileType = wrapper.cfbundle; includeInIndex = 0; path = PurdueLifeUITests.xctest; sourceTree = BUILT_PRODUCTS_DIR; };
		46730CC31E8B1BF6009C5426 /* PurdueLifeUITests.swift */ = {isa = PBXFileReference; lastKnownFileType = sourcecode.swift; path = PurdueLifeUITests.swift; sourceTree = "<group>"; };
		46730CC51E8B1BF6009C5426 /* Info.plist */ = {isa = PBXFileReference; lastKnownFileType = text.plist.xml; path = Info.plist; sourceTree = "<group>"; };
		46730CD11E8B1D29009C5426 /* LoginViewController.swift */ = {isa = PBXFileReference; fileEncoding = 4; lastKnownFileType = sourcecode.swift; path = LoginViewController.swift; sourceTree = "<group>"; };
		46730CD41E8B1F4A009C5426 /* HomeViewController.swift */ = {isa = PBXFileReference; fileEncoding = 4; lastKnownFileType = sourcecode.swift; path = HomeViewController.swift; sourceTree = "<group>"; };
		46730CD61E8B1F67009C5426 /* MenusViewController.swift */ = {isa = PBXFileReference; fileEncoding = 4; lastKnownFileType = sourcecode.swift; path = MenusViewController.swift; sourceTree = "<group>"; };
		46730CDA1E8B1F95009C5426 /* SettingsViewController.swift */ = {isa = PBXFileReference; fileEncoding = 4; lastKnownFileType = sourcecode.swift; path = SettingsViewController.swift; sourceTree = "<group>"; };
		46730CDC1E8B2014009C5426 /* DiningCourtViewController.swift */ = {isa = PBXFileReference; fileEncoding = 4; lastKnownFileType = sourcecode.swift; path = DiningCourtViewController.swift; sourceTree = "<group>"; };
		46730CE21E8B248A009C5426 /* FoodItem.swift */ = {isa = PBXFileReference; fileEncoding = 4; lastKnownFileType = sourcecode.swift; path = FoodItem.swift; sourceTree = "<group>"; };
		46730CE51E8B24BF009C5426 /* APIClient.swift */ = {isa = PBXFileReference; fileEncoding = 4; lastKnownFileType = sourcecode.swift; path = APIClient.swift; sourceTree = "<group>"; };
		80CE805C3556B3393FDF8971 /* Pods-PurdueLifeUITests.debug.xcconfig */ = {isa = PBXFileReference; includeInIndex = 1; lastKnownFileType = text.xcconfig; name = "Pods-PurdueLifeUITests.debug.xcconfig"; path = "Pods/Target Support Files/Pods-PurdueLifeUITests/Pods-PurdueLifeUITests.debug.xcconfig"; sourceTree = "<group>"; };
		A6A4FE14B77EF64246B5B57A /* Pods_PurdueLifeTests.framework */ = {isa = PBXFileReference; explicitFileType = wrapper.framework; includeInIndex = 0; path = Pods_PurdueLifeTests.framework; sourceTree = BUILT_PRODUCTS_DIR; };
		C1C44A7B884AFE31A8BA053D /* Pods-PurdueLifeTests.release.xcconfig */ = {isa = PBXFileReference; includeInIndex = 1; lastKnownFileType = text.xcconfig; name = "Pods-PurdueLifeTests.release.xcconfig"; path = "Pods/Target Support Files/Pods-PurdueLifeTests/Pods-PurdueLifeTests.release.xcconfig"; sourceTree = "<group>"; };
		C8811C88083AB288C76AC667 /* Pods-PurdueLife.release.xcconfig */ = {isa = PBXFileReference; includeInIndex = 1; lastKnownFileType = text.xcconfig; name = "Pods-PurdueLife.release.xcconfig"; path = "Pods/Target Support Files/Pods-PurdueLife/Pods-PurdueLife.release.xcconfig"; sourceTree = "<group>"; };
		DD3E4C40BA2C4E51791BCEB1 /* Pods_PurdueLife.framework */ = {isa = PBXFileReference; explicitFileType = wrapper.framework; includeInIndex = 0; path = Pods_PurdueLife.framework; sourceTree = BUILT_PRODUCTS_DIR; };
/* End PBXFileReference section */

/* Begin PBXFrameworksBuildPhase section */
		46730C9D1E8B1BF5009C5426 /* Frameworks */ = {
			isa = PBXFrameworksBuildPhase;
			buildActionMask = 2147483647;
			files = (
				AF7EFAE37A14ADD68C06A144 /* Pods_PurdueLife.framework in Frameworks */,
			);
			runOnlyForDeploymentPostprocessing = 0;
		};
		46730CB11E8B1BF6009C5426 /* Frameworks */ = {
			isa = PBXFrameworksBuildPhase;
			buildActionMask = 2147483647;
			files = (
				F715CADA915488076D656F54 /* Pods_PurdueLifeTests.framework in Frameworks */,
			);
			runOnlyForDeploymentPostprocessing = 0;
		};
		46730CBC1E8B1BF6009C5426 /* Frameworks */ = {
			isa = PBXFrameworksBuildPhase;
			buildActionMask = 2147483647;
			files = (
				7CE5AFEF67DDBB359593D1EC /* Pods_PurdueLifeUITests.framework in Frameworks */,
			);
			runOnlyForDeploymentPostprocessing = 0;
		};
/* End PBXFrameworksBuildPhase section */

/* Begin PBXGroup section */
		466A42971E96E8F7008DD3AF /* Resources */ = {
			isa = PBXGroup;
			children = (
				466A42981E96E90D008DD3AF /* hemi head bd it.ttf */,
			);
			name = Resources;
			sourceTree = "<group>";
		};
		46730C971E8B1BF5009C5426 = {
			isa = PBXGroup;
			children = (
				46730CA21E8B1BF5009C5426 /* PurdueLife */,
				46730CB71E8B1BF6009C5426 /* PurdueLifeTests */,
				46730CC21E8B1BF6009C5426 /* PurdueLifeUITests */,
				46730CA11E8B1BF5009C5426 /* Products */,
				A18F73D9C1F77C1463FD1583 /* Pods */,
				5E5639B6F29C7F1074366B5B /* Frameworks */,
			);
			sourceTree = "<group>";
		};
		46730CA11E8B1BF5009C5426 /* Products */ = {
			isa = PBXGroup;
			children = (
				46730CA01E8B1BF5009C5426 /* PurdueLife.app */,
				46730CB41E8B1BF6009C5426 /* PurdueLifeTests.xctest */,
				46730CBF1E8B1BF6009C5426 /* PurdueLifeUITests.xctest */,
			);
			name = Products;
			sourceTree = "<group>";
		};
		46730CA21E8B1BF5009C5426 /* PurdueLife */ = {
			isa = PBXGroup;
			children = (
				466A42971E96E8F7008DD3AF /* Resources */,
				46730CE41E8B24A0009C5426 /* API */,
				46730CE11E8B246B009C5426 /* Model */,
				46730CE01E8B2462009C5426 /* Views */,
				46730CD31E8B1DAF009C5426 /* ViewControllers */,
				46730CA31E8B1BF5009C5426 /* AppDelegate.swift */,
				46730CA71E8B1BF5009C5426 /* Main.storyboard */,
				46730CAA1E8B1BF5009C5426 /* Assets.xcassets */,
				46730CAC1E8B1BF5009C5426 /* LaunchScreen.storyboard */,
				46730CAF1E8B1BF5009C5426 /* Info.plist */,
				460D042B1E9AC5DC004BA3D9 /* GoogleService-Info.plist */,
			);
			path = PurdueLife;
			sourceTree = "<group>";
		};
		46730CB71E8B1BF6009C5426 /* PurdueLifeTests */ = {
			isa = PBXGroup;
			children = (
				46730CB81E8B1BF6009C5426 /* PurdueLifeTests.swift */,
				46730CBA1E8B1BF6009C5426 /* Info.plist */,
			);
			path = PurdueLifeTests;
			sourceTree = "<group>";
		};
		46730CC21E8B1BF6009C5426 /* PurdueLifeUITests */ = {
			isa = PBXGroup;
			children = (
				46730CC31E8B1BF6009C5426 /* PurdueLifeUITests.swift */,
				46730CC51E8B1BF6009C5426 /* Info.plist */,
			);
			path = PurdueLifeUITests;
			sourceTree = "<group>";
		};
		46730CD31E8B1DAF009C5426 /* ViewControllers */ = {
			isa = PBXGroup;
			children = (
				46730CD11E8B1D29009C5426 /* LoginViewController.swift */,
				46730CD41E8B1F4A009C5426 /* HomeViewController.swift */,
				46730CD61E8B1F67009C5426 /* MenusViewController.swift */,
				46730CDA1E8B1F95009C5426 /* SettingsViewController.swift */,
				46730CDC1E8B2014009C5426 /* DiningCourtViewController.swift */,
				466A42911E944828008DD3AF /* FoodItemViewController.swift */,
				461212601E94162000F7D6D7 /* FavoritesViewController.swift */,
				461212641E94243000F7D6D7 /* FavoriteFoodViewController.swift */,
			);
			name = ViewControllers;
			sourceTree = "<group>";
		};
		46730CE01E8B2462009C5426 /* Views */ = {
			isa = PBXGroup;
			children = (
				4612125E1E93462300F7D6D7 /* FoodItemCell.swift */,
				461212621E941C1300F7D6D7 /* FavoriteFoodCell.swift */,
				466A42931E944BF3008DD3AF /* DetailCell.swift */,
			);
			name = Views;
			sourceTree = "<group>";
		};
		46730CE11E8B246B009C5426 /* Model */ = {
			isa = PBXGroup;
			children = (
				46730CE21E8B248A009C5426 /* FoodItem.swift */,
				466A42951E944C6E008DD3AF /* FoodDetail.swift */,
			);
			name = Model;
			sourceTree = "<group>";
		};
		46730CE41E8B24A0009C5426 /* API */ = {
			isa = PBXGroup;
			children = (
				46730CE51E8B24BF009C5426 /* APIClient.swift */,
			);
			name = API;
			sourceTree = "<group>";
		};
		5E5639B6F29C7F1074366B5B /* Frameworks */ = {
			isa = PBXGroup;
			children = (
				DD3E4C40BA2C4E51791BCEB1 /* Pods_PurdueLife.framework */,
				A6A4FE14B77EF64246B5B57A /* Pods_PurdueLifeTests.framework */,
				0FD2EA72A6DD1E3CC3644A8F /* Pods_PurdueLifeUITests.framework */,
			);
			name = Frameworks;
			sourceTree = "<group>";
		};
		A18F73D9C1F77C1463FD1583 /* Pods */ = {
			isa = PBXGroup;
			children = (
				0E4E7EDECB5DB98584E48B46 /* Pods-PurdueLife.debug.xcconfig */,
				C8811C88083AB288C76AC667 /* Pods-PurdueLife.release.xcconfig */,
				302C5E79E81EF4EEE9474AF7 /* Pods-PurdueLifeTests.debug.xcconfig */,
				C1C44A7B884AFE31A8BA053D /* Pods-PurdueLifeTests.release.xcconfig */,
				80CE805C3556B3393FDF8971 /* Pods-PurdueLifeUITests.debug.xcconfig */,
				2254BD822CA56DE3F314472F /* Pods-PurdueLifeUITests.release.xcconfig */,
			);
			name = Pods;
			sourceTree = "<group>";
		};
/* End PBXGroup section */

/* Begin PBXNativeTarget section */
		46730C9F1E8B1BF5009C5426 /* PurdueLife */ = {
			isa = PBXNativeTarget;
			buildConfigurationList = 46730CC81E8B1BF6009C5426 /* Build configuration list for PBXNativeTarget "PurdueLife" */;
			buildPhases = (
				2B7EF906902B933ECCC16140 /* [CP] Check Pods Manifest.lock */,
				46730C9C1E8B1BF5009C5426 /* Sources */,
				46730C9D1E8B1BF5009C5426 /* Frameworks */,
				46730C9E1E8B1BF5009C5426 /* Resources */,
				010433178FC953DD2C54A062 /* [CP] Embed Pods Frameworks */,
				E3D812EAFD620C2CF84EE133 /* [CP] Copy Pods Resources */,
			);
			buildRules = (
			);
			dependencies = (
			);
			name = PurdueLife;
			productName = PurdueLife;
			productReference = 46730CA01E8B1BF5009C5426 /* PurdueLife.app */;
			productType = "com.apple.product-type.application";
		};
		46730CB31E8B1BF6009C5426 /* PurdueLifeTests */ = {
			isa = PBXNativeTarget;
			buildConfigurationList = 46730CCB1E8B1BF6009C5426 /* Build configuration list for PBXNativeTarget "PurdueLifeTests" */;
			buildPhases = (
				EFB413CC95051ACA767A779B /* [CP] Check Pods Manifest.lock */,
				46730CB01E8B1BF6009C5426 /* Sources */,
				46730CB11E8B1BF6009C5426 /* Frameworks */,
				46730CB21E8B1BF6009C5426 /* Resources */,
				80E2CAD90D348638FC868D23 /* [CP] Embed Pods Frameworks */,
				4EEA9854A451279C833E3CFF /* [CP] Copy Pods Resources */,
			);
			buildRules = (
			);
			dependencies = (
				46730CB61E8B1BF6009C5426 /* PBXTargetDependency */,
			);
			name = PurdueLifeTests;
			productName = PurdueLifeTests;
			productReference = 46730CB41E8B1BF6009C5426 /* PurdueLifeTests.xctest */;
			productType = "com.apple.product-type.bundle.unit-test";
		};
		46730CBE1E8B1BF6009C5426 /* PurdueLifeUITests */ = {
			isa = PBXNativeTarget;
			buildConfigurationList = 46730CCE1E8B1BF6009C5426 /* Build configuration list for PBXNativeTarget "PurdueLifeUITests" */;
			buildPhases = (
				FC0373A0D0391175316515A6 /* [CP] Check Pods Manifest.lock */,
				46730CBB1E8B1BF6009C5426 /* Sources */,
				46730CBC1E8B1BF6009C5426 /* Frameworks */,
				46730CBD1E8B1BF6009C5426 /* Resources */,
				2933E72BBB3C5D358F9E4EBC /* [CP] Embed Pods Frameworks */,
				0E551DFA442A3B9B8F528055 /* [CP] Copy Pods Resources */,
			);
			buildRules = (
			);
			dependencies = (
				46730CC11E8B1BF6009C5426 /* PBXTargetDependency */,
			);
			name = PurdueLifeUITests;
			productName = PurdueLifeUITests;
			productReference = 46730CBF1E8B1BF6009C5426 /* PurdueLifeUITests.xctest */;
			productType = "com.apple.product-type.bundle.ui-testing";
		};
/* End PBXNativeTarget section */

/* Begin PBXProject section */
		46730C981E8B1BF5009C5426 /* Project object */ = {
			isa = PBXProject;
			attributes = {
				LastSwiftUpdateCheck = 0820;
				LastUpgradeCheck = 0820;
				ORGANIZATIONNAME = "Youssef Elabd";
				TargetAttributes = {
					46730C9F1E8B1BF5009C5426 = {
						CreatedOnToolsVersion = 8.2.1;
						ProvisioningStyle = Automatic;
					};
					46730CB31E8B1BF6009C5426 = {
						CreatedOnToolsVersion = 8.2.1;
						ProvisioningStyle = Automatic;
						TestTargetID = 46730C9F1E8B1BF5009C5426;
					};
					46730CBE1E8B1BF6009C5426 = {
						CreatedOnToolsVersion = 8.2.1;
						ProvisioningStyle = Automatic;
						TestTargetID = 46730C9F1E8B1BF5009C5426;
					};
				};
			};
			buildConfigurationList = 46730C9B1E8B1BF5009C5426 /* Build configuration list for PBXProject "PurdueLife" */;
			compatibilityVersion = "Xcode 3.2";
			developmentRegion = English;
			hasScannedForEncodings = 0;
			knownRegions = (
				en,
				Base,
			);
			mainGroup = 46730C971E8B1BF5009C5426;
			productRefGroup = 46730CA11E8B1BF5009C5426 /* Products */;
			projectDirPath = "";
			projectRoot = "";
			targets = (
				46730C9F1E8B1BF5009C5426 /* PurdueLife */,
				46730CB31E8B1BF6009C5426 /* PurdueLifeTests */,
				46730CBE1E8B1BF6009C5426 /* PurdueLifeUITests */,
			);
		};
/* End PBXProject section */

/* Begin PBXResourcesBuildPhase section */
		46730C9E1E8B1BF5009C5426 /* Resources */ = {
			isa = PBXResourcesBuildPhase;
			buildActionMask = 2147483647;
			files = (
				46730CAE1E8B1BF5009C5426 /* LaunchScreen.storyboard in Resources */,
				46730CAB1E8B1BF5009C5426 /* Assets.xcassets in Resources */,
				460D042C1E9AC5DC004BA3D9 /* GoogleService-Info.plist in Resources */,
				46730CA91E8B1BF5009C5426 /* Main.storyboard in Resources */,
				466A42991E96E925008DD3AF /* hemi head bd it.ttf in Resources */,
			);
			runOnlyForDeploymentPostprocessing = 0;
		};
		46730CB21E8B1BF6009C5426 /* Resources */ = {
			isa = PBXResourcesBuildPhase;
			buildActionMask = 2147483647;
			files = (
			);
			runOnlyForDeploymentPostprocessing = 0;
		};
		46730CBD1E8B1BF6009C5426 /* Resources */ = {
			isa = PBXResourcesBuildPhase;
			buildActionMask = 2147483647;
			files = (
			);
			runOnlyForDeploymentPostprocessing = 0;
		};
/* End PBXResourcesBuildPhase section */

/* Begin PBXShellScriptBuildPhase section */
		010433178FC953DD2C54A062 /* [CP] Embed Pods Frameworks */ = {
			isa = PBXShellScriptBuildPhase;
			buildActionMask = 2147483647;
			files = (
			);
			inputPaths = (
			);
			name = "[CP] Embed Pods Frameworks";
			outputPaths = (
			);
			runOnlyForDeploymentPostprocessing = 0;
			shellPath = /bin/sh;
			shellScript = "\"${SRCROOT}/Pods/Target Support Files/Pods-PurdueLife/Pods-PurdueLife-frameworks.sh\"\n";
			showEnvVarsInLog = 0;
		};
		0E551DFA442A3B9B8F528055 /* [CP] Copy Pods Resources */ = {
			isa = PBXShellScriptBuildPhase;
			buildActionMask = 2147483647;
			files = (
			);
			inputPaths = (
			);
			name = "[CP] Copy Pods Resources";
			outputPaths = (
			);
			runOnlyForDeploymentPostprocessing = 0;
			shellPath = /bin/sh;
			shellScript = "\"${SRCROOT}/Pods/Target Support Files/Pods-PurdueLifeUITests/Pods-PurdueLifeUITests-resources.sh\"\n";
			showEnvVarsInLog = 0;
		};
		2933E72BBB3C5D358F9E4EBC /* [CP] Embed Pods Frameworks */ = {
			isa = PBXShellScriptBuildPhase;
			buildActionMask = 2147483647;
			files = (
			);
			inputPaths = (
			);
			name = "[CP] Embed Pods Frameworks";
			outputPaths = (
			);
			runOnlyForDeploymentPostprocessing = 0;
			shellPath = /bin/sh;
			shellScript = "\"${SRCROOT}/Pods/Target Support Files/Pods-PurdueLifeUITests/Pods-PurdueLifeUITests-frameworks.sh\"\n";
			showEnvVarsInLog = 0;
		};
		2B7EF906902B933ECCC16140 /* [CP] Check Pods Manifest.lock */ = {
			isa = PBXShellScriptBuildPhase;
			buildActionMask = 2147483647;
			files = (
			);
			inputPaths = (
			);
			name = "[CP] Check Pods Manifest.lock";
			outputPaths = (
			);
			runOnlyForDeploymentPostprocessing = 0;
			shellPath = /bin/sh;
			shellScript = "diff \"${PODS_ROOT}/../Podfile.lock\" \"${PODS_ROOT}/Manifest.lock\" > /dev/null\nif [ $? != 0 ] ; then\n    # print error to STDERR\n    echo \"error: The sandbox is not in sync with the Podfile.lock. Run 'pod install' or update your CocoaPods installation.\" >&2\n    exit 1\nfi\n";
			showEnvVarsInLog = 0;
		};
		4EEA9854A451279C833E3CFF /* [CP] Copy Pods Resources */ = {
			isa = PBXShellScriptBuildPhase;
			buildActionMask = 2147483647;
			files = (
			);
			inputPaths = (
			);
			name = "[CP] Copy Pods Resources";
			outputPaths = (
			);
			runOnlyForDeploymentPostprocessing = 0;
			shellPath = /bin/sh;
			shellScript = "\"${SRCROOT}/Pods/Target Support Files/Pods-PurdueLifeTests/Pods-PurdueLifeTests-resources.sh\"\n";
			showEnvVarsInLog = 0;
		};
		80E2CAD90D348638FC868D23 /* [CP] Embed Pods Frameworks */ = {
			isa = PBXShellScriptBuildPhase;
			buildActionMask = 2147483647;
			files = (
			);
			inputPaths = (
			);
			name = "[CP] Embed Pods Frameworks";
			outputPaths = (
			);
			runOnlyForDeploymentPostprocessing = 0;
			shellPath = /bin/sh;
			shellScript = "\"${SRCROOT}/Pods/Target Support Files/Pods-PurdueLifeTests/Pods-PurdueLifeTests-frameworks.sh\"\n";
			showEnvVarsInLog = 0;
		};
		E3D812EAFD620C2CF84EE133 /* [CP] Copy Pods Resources */ = {
			isa = PBXShellScriptBuildPhase;
			buildActionMask = 2147483647;
			files = (
			);
			inputPaths = (
			);
			name = "[CP] Copy Pods Resources";
			outputPaths = (
			);
			runOnlyForDeploymentPostprocessing = 0;
			shellPath = /bin/sh;
			shellScript = "\"${SRCROOT}/Pods/Target Support Files/Pods-PurdueLife/Pods-PurdueLife-resources.sh\"\n";
			showEnvVarsInLog = 0;
		};
		EFB413CC95051ACA767A779B /* [CP] Check Pods Manifest.lock */ = {
			isa = PBXShellScriptBuildPhase;
			buildActionMask = 2147483647;
			files = (
			);
			inputPaths = (
			);
			name = "[CP] Check Pods Manifest.lock";
			outputPaths = (
			);
			runOnlyForDeploymentPostprocessing = 0;
			shellPath = /bin/sh;
			shellScript = "diff \"${PODS_ROOT}/../Podfile.lock\" \"${PODS_ROOT}/Manifest.lock\" > /dev/null\nif [ $? != 0 ] ; then\n    # print error to STDERR\n    echo \"error: The sandbox is not in sync with the Podfile.lock. Run 'pod install' or update your CocoaPods installation.\" >&2\n    exit 1\nfi\n";
			showEnvVarsInLog = 0;
		};
		FC0373A0D0391175316515A6 /* [CP] Check Pods Manifest.lock */ = {
			isa = PBXShellScriptBuildPhase;
			buildActionMask = 2147483647;
			files = (
			);
			inputPaths = (
			);
			name = "[CP] Check Pods Manifest.lock";
			outputPaths = (
			);
			runOnlyForDeploymentPostprocessing = 0;
			shellPath = /bin/sh;
			shellScript = "diff \"${PODS_ROOT}/../Podfile.lock\" \"${PODS_ROOT}/Manifest.lock\" > /dev/null\nif [ $? != 0 ] ; then\n    # print error to STDERR\n    echo \"error: The sandbox is not in sync with the Podfile.lock. Run 'pod install' or update your CocoaPods installation.\" >&2\n    exit 1\nfi\n";
			showEnvVarsInLog = 0;
		};
/* End PBXShellScriptBuildPhase section */

/* Begin PBXSourcesBuildPhase section */
		46730C9C1E8B1BF5009C5426 /* Sources */ = {
			isa = PBXSourcesBuildPhase;
			buildActionMask = 2147483647;
			files = (
				461212651E94243000F7D6D7 /* FavoriteFoodViewController.swift in Sources */,
				46730CE31E8B248A009C5426 /* FoodItem.swift in Sources */,
				466A42961E944C6E008DD3AF /* FoodDetail.swift in Sources */,
				46730CD21E8B1D29009C5426 /* LoginViewController.swift in Sources */,
				46730CDD1E8B2014009C5426 /* DiningCourtViewController.swift in Sources */,
				466A42921E944828008DD3AF /* FoodItemViewController.swift in Sources */,
				461212631E941C1300F7D6D7 /* FavoriteFoodCell.swift in Sources */,
				46730CA41E8B1BF5009C5426 /* AppDelegate.swift in Sources */,
				46730CD51E8B1F4A009C5426 /* HomeViewController.swift in Sources */,
				46730CDB1E8B1F95009C5426 /* SettingsViewController.swift in Sources */,
				4612125F1E93462300F7D6D7 /* FoodItemCell.swift in Sources */,
				46730CD71E8B1F67009C5426 /* MenusViewController.swift in Sources */,
				461212611E94162000F7D6D7 /* FavoritesViewController.swift in Sources */,
				466A42941E944BF3008DD3AF /* DetailCell.swift in Sources */,
				46730CE61E8B24BF009C5426 /* APIClient.swift in Sources */,
			);
			runOnlyForDeploymentPostprocessing = 0;
		};
		46730CB01E8B1BF6009C5426 /* Sources */ = {
			isa = PBXSourcesBuildPhase;
			buildActionMask = 2147483647;
			files = (
				46730CB91E8B1BF6009C5426 /* PurdueLifeTests.swift in Sources */,
			);
			runOnlyForDeploymentPostprocessing = 0;
		};
		46730CBB1E8B1BF6009C5426 /* Sources */ = {
			isa = PBXSourcesBuildPhase;
			buildActionMask = 2147483647;
			files = (
				46730CC41E8B1BF6009C5426 /* PurdueLifeUITests.swift in Sources */,
			);
			runOnlyForDeploymentPostprocessing = 0;
		};
/* End PBXSourcesBuildPhase section */

/* Begin PBXTargetDependency section */
		46730CB61E8B1BF6009C5426 /* PBXTargetDependency */ = {
			isa = PBXTargetDependency;
			target = 46730C9F1E8B1BF5009C5426 /* PurdueLife */;
			targetProxy = 46730CB51E8B1BF6009C5426 /* PBXContainerItemProxy */;
		};
		46730CC11E8B1BF6009C5426 /* PBXTargetDependency */ = {
			isa = PBXTargetDependency;
			target = 46730C9F1E8B1BF5009C5426 /* PurdueLife */;
			targetProxy = 46730CC01E8B1BF6009C5426 /* PBXContainerItemProxy */;
		};
/* End PBXTargetDependency section */

/* Begin PBXVariantGroup section */
		46730CA71E8B1BF5009C5426 /* Main.storyboard */ = {
			isa = PBXVariantGroup;
			children = (
				46730CA81E8B1BF5009C5426 /* Base */,
			);
			name = Main.storyboard;
			sourceTree = "<group>";
		};
		46730CAC1E8B1BF5009C5426 /* LaunchScreen.storyboard */ = {
			isa = PBXVariantGroup;
			children = (
				46730CAD1E8B1BF5009C5426 /* Base */,
			);
			name = LaunchScreen.storyboard;
			sourceTree = "<group>";
		};
/* End PBXVariantGroup section */

/* Begin XCBuildConfiguration section */
		46730CC61E8B1BF6009C5426 /* Debug */ = {
			isa = XCBuildConfiguration;
			buildSettings = {
				ALWAYS_SEARCH_USER_PATHS = NO;
				CLANG_ANALYZER_NONNULL = YES;
				CLANG_CXX_LANGUAGE_STANDARD = "gnu++0x";
				CLANG_CXX_LIBRARY = "libc++";
				CLANG_ENABLE_MODULES = YES;
				CLANG_ENABLE_OBJC_ARC = YES;
				CLANG_WARN_BOOL_CONVERSION = YES;
				CLANG_WARN_CONSTANT_CONVERSION = YES;
				CLANG_WARN_DIRECT_OBJC_ISA_USAGE = YES_ERROR;
				CLANG_WARN_DOCUMENTATION_COMMENTS = YES;
				CLANG_WARN_EMPTY_BODY = YES;
				CLANG_WARN_ENUM_CONVERSION = YES;
				CLANG_WARN_INFINITE_RECURSION = YES;
				CLANG_WARN_INT_CONVERSION = YES;
				CLANG_WARN_OBJC_ROOT_CLASS = YES_ERROR;
				CLANG_WARN_SUSPICIOUS_MOVE = YES;
				CLANG_WARN_UNREACHABLE_CODE = YES;
				CLANG_WARN__DUPLICATE_METHOD_MATCH = YES;
				"CODE_SIGN_IDENTITY[sdk=iphoneos*]" = "iPhone Developer";
				COPY_PHASE_STRIP = NO;
				DEBUG_INFORMATION_FORMAT = dwarf;
				ENABLE_STRICT_OBJC_MSGSEND = YES;
				ENABLE_TESTABILITY = YES;
				GCC_C_LANGUAGE_STANDARD = gnu99;
				GCC_DYNAMIC_NO_PIC = NO;
				GCC_NO_COMMON_BLOCKS = YES;
				GCC_OPTIMIZATION_LEVEL = 0;
				GCC_PREPROCESSOR_DEFINITIONS = (
					"DEBUG=1",
					"$(inherited)",
				);
				GCC_WARN_64_TO_32_BIT_CONVERSION = YES;
				GCC_WARN_ABOUT_RETURN_TYPE = YES_ERROR;
				GCC_WARN_UNDECLARED_SELECTOR = YES;
				GCC_WARN_UNINITIALIZED_AUTOS = YES_AGGRESSIVE;
				GCC_WARN_UNUSED_FUNCTION = YES;
				GCC_WARN_UNUSED_VARIABLE = YES;
				IPHONEOS_DEPLOYMENT_TARGET = 10.2;
				MTL_ENABLE_DEBUG_INFO = YES;
				ONLY_ACTIVE_ARCH = YES;
				SDKROOT = iphoneos;
				SWIFT_ACTIVE_COMPILATION_CONDITIONS = DEBUG;
				SWIFT_OPTIMIZATION_LEVEL = "-Onone";
			};
			name = Debug;
		};
		46730CC71E8B1BF6009C5426 /* Release */ = {
			isa = XCBuildConfiguration;
			buildSettings = {
				ALWAYS_SEARCH_USER_PATHS = NO;
				CLANG_ANALYZER_NONNULL = YES;
				CLANG_CXX_LANGUAGE_STANDARD = "gnu++0x";
				CLANG_CXX_LIBRARY = "libc++";
				CLANG_ENABLE_MODULES = YES;
				CLANG_ENABLE_OBJC_ARC = YES;
				CLANG_WARN_BOOL_CONVERSION = YES;
				CLANG_WARN_CONSTANT_CONVERSION = YES;
				CLANG_WARN_DIRECT_OBJC_ISA_USAGE = YES_ERROR;
				CLANG_WARN_DOCUMENTATION_COMMENTS = YES;
				CLANG_WARN_EMPTY_BODY = YES;
				CLANG_WARN_ENUM_CONVERSION = YES;
				CLANG_WARN_INFINITE_RECURSION = YES;
				CLANG_WARN_INT_CONVERSION = YES;
				CLANG_WARN_OBJC_ROOT_CLASS = YES_ERROR;
				CLANG_WARN_SUSPICIOUS_MOVE = YES;
				CLANG_WARN_UNREACHABLE_CODE = YES;
				CLANG_WARN__DUPLICATE_METHOD_MATCH = YES;
				"CODE_SIGN_IDENTITY[sdk=iphoneos*]" = "iPhone Developer";
				COPY_PHASE_STRIP = NO;
				DEBUG_INFORMATION_FORMAT = "dwarf-with-dsym";
				ENABLE_NS_ASSERTIONS = NO;
				ENABLE_STRICT_OBJC_MSGSEND = YES;
				GCC_C_LANGUAGE_STANDARD = gnu99;
				GCC_NO_COMMON_BLOCKS = YES;
				GCC_WARN_64_TO_32_BIT_CONVERSION = YES;
				GCC_WARN_ABOUT_RETURN_TYPE = YES_ERROR;
				GCC_WARN_UNDECLARED_SELECTOR = YES;
				GCC_WARN_UNINITIALIZED_AUTOS = YES_AGGRESSIVE;
				GCC_WARN_UNUSED_FUNCTION = YES;
				GCC_WARN_UNUSED_VARIABLE = YES;
				IPHONEOS_DEPLOYMENT_TARGET = 10.2;
				MTL_ENABLE_DEBUG_INFO = NO;
				SDKROOT = iphoneos;
				SWIFT_OPTIMIZATION_LEVEL = "-Owholemodule";
				VALIDATE_PRODUCT = YES;
			};
			name = Release;
		};
		46730CC91E8B1BF6009C5426 /* Debug */ = {
			isa = XCBuildConfiguration;
			baseConfigurationReference = 0E4E7EDECB5DB98584E48B46 /* Pods-PurdueLife.debug.xcconfig */;
			buildSettings = {
				ASSETCATALOG_COMPILER_APPICON_NAME = AppIcon;
				INFOPLIST_FILE = PurdueLife/Info.plist;
				LD_RUNPATH_SEARCH_PATHS = "$(inherited) @executable_path/Frameworks";
				PRODUCT_BUNDLE_IDENTIFIER = youssefelabd.com.PurdueLife;
				PRODUCT_NAME = "$(TARGET_NAME)";
				SWIFT_VERSION = 3.0;
			};
			name = Debug;
		};
		46730CCA1E8B1BF6009C5426 /* Release */ = {
			isa = XCBuildConfiguration;
			baseConfigurationReference = C8811C88083AB288C76AC667 /* Pods-PurdueLife.release.xcconfig */;
			buildSettings = {
				ASSETCATALOG_COMPILER_APPICON_NAME = AppIcon;
				INFOPLIST_FILE = PurdueLife/Info.plist;
				LD_RUNPATH_SEARCH_PATHS = "$(inherited) @executable_path/Frameworks";
				PRODUCT_BUNDLE_IDENTIFIER = youssefelabd.com.PurdueLife;
				PRODUCT_NAME = "$(TARGET_NAME)";
				SWIFT_VERSION = 3.0;
			};
			name = Release;
		};
		46730CCC1E8B1BF6009C5426 /* Debug */ = {
			isa = XCBuildConfiguration;
			baseConfigurationReference = 302C5E79E81EF4EEE9474AF7 /* Pods-PurdueLifeTests.debug.xcconfig */;
			buildSettings = {
				ALWAYS_EMBED_SWIFT_STANDARD_LIBRARIES = YES;
				BUNDLE_LOADER = "$(TEST_HOST)";
				INFOPLIST_FILE = PurdueLifeTests/Info.plist;
				LD_RUNPATH_SEARCH_PATHS = "$(inherited) @executable_path/Frameworks @loader_path/Frameworks";
				PRODUCT_BUNDLE_IDENTIFIER = youssefelabd.com.PurdueLifeTests;
				PRODUCT_NAME = "$(TARGET_NAME)";
				SWIFT_VERSION = 3.0;
				TEST_HOST = "$(BUILT_PRODUCTS_DIR)/PurdueLife.app/PurdueLife";
			};
			name = Debug;
		};
		46730CCD1E8B1BF6009C5426 /* Release */ = {
			isa = XCBuildConfiguration;
			baseConfigurationReference = C1C44A7B884AFE31A8BA053D /* Pods-PurdueLifeTests.release.xcconfig */;
			buildSettings = {
				ALWAYS_EMBED_SWIFT_STANDARD_LIBRARIES = YES;
				BUNDLE_LOADER = "$(TEST_HOST)";
				INFOPLIST_FILE = PurdueLifeTests/Info.plist;
				LD_RUNPATH_SEARCH_PATHS = "$(inherited) @executable_path/Frameworks @loader_path/Frameworks";
				PRODUCT_BUNDLE_IDENTIFIER = youssefelabd.com.PurdueLifeTests;
				PRODUCT_NAME = "$(TARGET_NAME)";
				SWIFT_VERSION = 3.0;
				TEST_HOST = "$(BUILT_PRODUCTS_DIR)/PurdueLife.app/PurdueLife";
			};
			name = Release;
		};
		46730CCF1E8B1BF6009C5426 /* Debug */ = {
			isa = XCBuildConfiguration;
			baseConfigurationReference = 80CE805C3556B3393FDF8971 /* Pods-PurdueLifeUITests.debug.xcconfig */;
			buildSettings = {
				ALWAYS_EMBED_SWIFT_STANDARD_LIBRARIES = YES;
				INFOPLIST_FILE = PurdueLifeUITests/Info.plist;
				LD_RUNPATH_SEARCH_PATHS = "$(inherited) @executable_path/Frameworks @loader_path/Frameworks";
				PRODUCT_BUNDLE_IDENTIFIER = youssefelabd.com.PurdueLifeUITests;
				PRODUCT_NAME = "$(TARGET_NAME)";
				SWIFT_VERSION = 3.0;
				TEST_TARGET_NAME = PurdueLife;
			};
			name = Debug;
		};
		46730CD01E8B1BF6009C5426 /* Release */ = {
			isa = XCBuildConfiguration;
			baseConfigurationReference = 2254BD822CA56DE3F314472F /* Pods-PurdueLifeUITests.release.xcconfig */;
			buildSettings = {
				ALWAYS_EMBED_SWIFT_STANDARD_LIBRARIES = YES;
				INFOPLIST_FILE = PurdueLifeUITests/Info.plist;
				LD_RUNPATH_SEARCH_PATHS = "$(inherited) @executable_path/Frameworks @loader_path/Frameworks";
				PRODUCT_BUNDLE_IDENTIFIER = youssefelabd.com.PurdueLifeUITests;
				PRODUCT_NAME = "$(TARGET_NAME)";
				SWIFT_VERSION = 3.0;
				TEST_TARGET_NAME = PurdueLife;
			};
			name = Release;
		};
/* End XCBuildConfiguration section */

/* Begin XCConfigurationList section */
		46730C9B1E8B1BF5009C5426 /* Build configuration list for PBXProject "PurdueLife" */ = {
			isa = XCConfigurationList;
			buildConfigurations = (
				46730CC61E8B1BF6009C5426 /* Debug */,
				46730CC71E8B1BF6009C5426 /* Release */,
			);
			defaultConfigurationIsVisible = 0;
			defaultConfigurationName = Release;
		};
		46730CC81E8B1BF6009C5426 /* Build configuration list for PBXNativeTarget "PurdueLife" */ = {
			isa = XCConfigurationList;
			buildConfigurations = (
				46730CC91E8B1BF6009C5426 /* Debug */,
				46730CCA1E8B1BF6009C5426 /* Release */,
			);
			defaultConfigurationIsVisible = 0;
			defaultConfigurationName = Release;
		};
		46730CCB1E8B1BF6009C5426 /* Build configuration list for PBXNativeTarget "PurdueLifeTests" */ = {
			isa = XCConfigurationList;
			buildConfigurations = (
				46730CCC1E8B1BF6009C5426 /* Debug */,
				46730CCD1E8B1BF6009C5426 /* Release */,
			);
			defaultConfigurationIsVisible = 0;
			defaultConfigurationName = Release;
		};
		46730CCE1E8B1BF6009C5426 /* Build configuration list for PBXNativeTarget "PurdueLifeUITests" */ = {
			isa = XCConfigurationList;
			buildConfigurations = (
				46730CCF1E8B1BF6009C5426 /* Debug */,
				46730CD01E8B1BF6009C5426 /* Release */,
			);
			defaultConfigurationIsVisible = 0;
			defaultConfigurationName = Release;
		};
/* End XCConfigurationList section */
	};
	rootObject = 46730C981E8B1BF5009C5426 /* Project object */;
}
